// !$*UTF8*$!
{
	archiveVersion = 1;
	classes = {
	};
	objectVersion = 55;
	objects = {

/* Begin PBXBuildFile section */
		CB3D3CB5278ECBF10048FCD4 /* EmojaziApp.swift in Sources */ = {isa = PBXBuildFile; fileRef = CB3D3CB4278ECBF10048FCD4 /* EmojaziApp.swift */; };
		CB3D3CB9278ECBF30048FCD4 /* Assets.xcassets in Resources */ = {isa = PBXBuildFile; fileRef = CB3D3CB8278ECBF30048FCD4 /* Assets.xcassets */; };
		CB3D3CBC278ECBF30048FCD4 /* Preview Assets.xcassets in Resources */ = {isa = PBXBuildFile; fileRef = CB3D3CBB278ECBF30048FCD4 /* Preview Assets.xcassets */; };
		CB3D3CC6278ECBF30048FCD4 /* EmojaziTests.swift in Sources */ = {isa = PBXBuildFile; fileRef = CB3D3CC5278ECBF30048FCD4 /* EmojaziTests.swift */; };
		CB3D3CD0278ECBF30048FCD4 /* EmojaziUITests.swift in Sources */ = {isa = PBXBuildFile; fileRef = CB3D3CCF278ECBF30048FCD4 /* EmojaziUITests.swift */; };
		CB3D3CD2278ECBF30048FCD4 /* EmojaziUITestsLaunchTests.swift in Sources */ = {isa = PBXBuildFile; fileRef = CB3D3CD1278ECBF30048FCD4 /* EmojaziUITestsLaunchTests.swift */; };
		CB3D3CE0278EEF900048FCD4 /* emoji.json in Resources */ = {isa = PBXBuildFile; fileRef = CB3D3CDF278EEF900048FCD4 /* emoji.json */; };
		CB3D3CE4278EEFB00048FCD4 /* Emoji.swift in Sources */ = {isa = PBXBuildFile; fileRef = CB3D3CE3278EEFB00048FCD4 /* Emoji.swift */; };
		CB3D3CE7278EF2710048FCD4 /* JSONDecoder.swift in Sources */ = {isa = PBXBuildFile; fileRef = CB3D3CE6278EF2710048FCD4 /* JSONDecoder.swift */; };
		CB3D3CE8278EFC020048FCD4 /* JSONDecoder.swift in Sources */ = {isa = PBXBuildFile; fileRef = CB3D3CE6278EF2710048FCD4 /* JSONDecoder.swift */; };
		CB3D3CEA278F00670048FCD4 /* Emoji.swift in Sources */ = {isa = PBXBuildFile; fileRef = CB3D3CE3278EEFB00048FCD4 /* Emoji.swift */; };
		CB56D1D2284BB0370023D76F /* EmojisListView.swift in Sources */ = {isa = PBXBuildFile; fileRef = CB56D1D1284BB0370023D76F /* EmojisListView.swift */; };
		CB56D1D4284BB03C0023D76F /* EmojiDetailView.swift in Sources */ = {isa = PBXBuildFile; fileRef = CB56D1D3284BB03C0023D76F /* EmojiDetailView.swift */; };
		CB56D1D6284BB0DA0023D76F /* EmojiPreview.swift in Sources */ = {isa = PBXBuildFile; fileRef = CB56D1D5284BB0DA0023D76F /* EmojiPreview.swift */; };
		CB56D1D8284BB87A0023D76F /* EmojaziWelcomeView.swift in Sources */ = {isa = PBXBuildFile; fileRef = CB56D1D7284BB87A0023D76F /* EmojaziWelcomeView.swift */; };
		CB56D1DB284BB8D30023D76F /* EmojaziLocalKeys.swift in Sources */ = {isa = PBXBuildFile; fileRef = CB56D1DA284BB8D30023D76F /* EmojaziLocalKeys.swift */; };
		CB56D1DD284BD6960023D76F /* EmojisHomeView.swift in Sources */ = {isa = PBXBuildFile; fileRef = CB56D1DC284BD6960023D76F /* EmojisHomeView.swift */; };
		CB56D1DF284BD7430023D76F /* EmojisGridView.swift in Sources */ = {isa = PBXBuildFile; fileRef = CB56D1DE284BD7430023D76F /* EmojisGridView.swift */; };
		CB56D1E3284BDCE40023D76F /* EmojiGridSectionView.swift in Sources */ = {isa = PBXBuildFile; fileRef = CB56D1E2284BDCE40023D76F /* EmojiGridSectionView.swift */; };
		CB56D1E7284BDE0C0023D76F /* EmojisSectionHeader.swift in Sources */ = {isa = PBXBuildFile; fileRef = CB56D1E6284BDE0C0023D76F /* EmojisSectionHeader.swift */; };
/* End PBXBuildFile section */

/* Begin PBXContainerItemProxy section */
		CB3D3CC2278ECBF30048FCD4 /* PBXContainerItemProxy */ = {
			isa = PBXContainerItemProxy;
			containerPortal = CB3D3CA9278ECBF10048FCD4 /* Project object */;
			proxyType = 1;
			remoteGlobalIDString = CB3D3CB0278ECBF10048FCD4;
			remoteInfo = Emojazi;
		};
		CB3D3CCC278ECBF30048FCD4 /* PBXContainerItemProxy */ = {
			isa = PBXContainerItemProxy;
			containerPortal = CB3D3CA9278ECBF10048FCD4 /* Project object */;
			proxyType = 1;
			remoteGlobalIDString = CB3D3CB0278ECBF10048FCD4;
			remoteInfo = Emojazi;
		};
/* End PBXContainerItemProxy section */

/* Begin PBXFileReference section */
		CB3D3CB1278ECBF10048FCD4 /* Emojazi.app */ = {isa = PBXFileReference; explicitFileType = wrapper.application; includeInIndex = 0; path = Emojazi.app; sourceTree = BUILT_PRODUCTS_DIR; };
		CB3D3CB4278ECBF10048FCD4 /* EmojaziApp.swift */ = {isa = PBXFileReference; lastKnownFileType = sourcecode.swift; path = EmojaziApp.swift; sourceTree = "<group>"; };
		CB3D3CB8278ECBF30048FCD4 /* Assets.xcassets */ = {isa = PBXFileReference; lastKnownFileType = folder.assetcatalog; path = Assets.xcassets; sourceTree = "<group>"; };
		CB3D3CBB278ECBF30048FCD4 /* Preview Assets.xcassets */ = {isa = PBXFileReference; lastKnownFileType = folder.assetcatalog; path = "Preview Assets.xcassets"; sourceTree = "<group>"; };
		CB3D3CC1278ECBF30048FCD4 /* EmojaziTests.xctest */ = {isa = PBXFileReference; explicitFileType = wrapper.cfbundle; includeInIndex = 0; path = EmojaziTests.xctest; sourceTree = BUILT_PRODUCTS_DIR; };
		CB3D3CC5278ECBF30048FCD4 /* EmojaziTests.swift */ = {isa = PBXFileReference; lastKnownFileType = sourcecode.swift; path = EmojaziTests.swift; sourceTree = "<group>"; };
		CB3D3CCB278ECBF30048FCD4 /* EmojaziUITests.xctest */ = {isa = PBXFileReference; explicitFileType = wrapper.cfbundle; includeInIndex = 0; path = EmojaziUITests.xctest; sourceTree = BUILT_PRODUCTS_DIR; };
		CB3D3CCF278ECBF30048FCD4 /* EmojaziUITests.swift */ = {isa = PBXFileReference; lastKnownFileType = sourcecode.swift; path = EmojaziUITests.swift; sourceTree = "<group>"; };
		CB3D3CD1278ECBF30048FCD4 /* EmojaziUITestsLaunchTests.swift */ = {isa = PBXFileReference; lastKnownFileType = sourcecode.swift; path = EmojaziUITestsLaunchTests.swift; sourceTree = "<group>"; };
		CB3D3CDF278EEF900048FCD4 /* emoji.json */ = {isa = PBXFileReference; fileEncoding = 4; lastKnownFileType = text.json; path = emoji.json; sourceTree = "<group>"; };
		CB3D3CE3278EEFB00048FCD4 /* Emoji.swift */ = {isa = PBXFileReference; lastKnownFileType = sourcecode.swift; path = Emoji.swift; sourceTree = "<group>"; };
		CB3D3CE6278EF2710048FCD4 /* JSONDecoder.swift */ = {isa = PBXFileReference; lastKnownFileType = sourcecode.swift; path = JSONDecoder.swift; sourceTree = "<group>"; };
		CB56D1D1284BB0370023D76F /* EmojisListView.swift */ = {isa = PBXFileReference; lastKnownFileType = sourcecode.swift; path = EmojisListView.swift; sourceTree = "<group>"; };
		CB56D1D3284BB03C0023D76F /* EmojiDetailView.swift */ = {isa = PBXFileReference; lastKnownFileType = sourcecode.swift; path = EmojiDetailView.swift; sourceTree = "<group>"; };
		CB56D1D5284BB0DA0023D76F /* EmojiPreview.swift */ = {isa = PBXFileReference; lastKnownFileType = sourcecode.swift; path = EmojiPreview.swift; sourceTree = "<group>"; };
		CB56D1D7284BB87A0023D76F /* EmojaziWelcomeView.swift */ = {isa = PBXFileReference; lastKnownFileType = sourcecode.swift; path = EmojaziWelcomeView.swift; sourceTree = "<group>"; };
		CB56D1DA284BB8D30023D76F /* EmojaziLocalKeys.swift */ = {isa = PBXFileReference; lastKnownFileType = sourcecode.swift; path = EmojaziLocalKeys.swift; sourceTree = "<group>"; };
		CB56D1DC284BD6960023D76F /* EmojisHomeView.swift */ = {isa = PBXFileReference; lastKnownFileType = sourcecode.swift; path = EmojisHomeView.swift; sourceTree = "<group>"; };
		CB56D1DE284BD7430023D76F /* EmojisGridView.swift */ = {isa = PBXFileReference; lastKnownFileType = sourcecode.swift; path = EmojisGridView.swift; sourceTree = "<group>"; };
		CB56D1E2284BDCE40023D76F /* EmojiGridSectionView.swift */ = {isa = PBXFileReference; lastKnownFileType = sourcecode.swift; path = EmojiGridSectionView.swift; sourceTree = "<group>"; };
		CB56D1E6284BDE0C0023D76F /* EmojisSectionHeader.swift */ = {isa = PBXFileReference; lastKnownFileType = sourcecode.swift; path = EmojisSectionHeader.swift; sourceTree = "<group>"; };
		CB56D1E8284BE4FC0023D76F /* Emojazi.entitlements */ = {isa = PBXFileReference; lastKnownFileType = text.plist.entitlements; path = Emojazi.entitlements; sourceTree = "<group>"; };
/* End PBXFileReference section */

/* Begin PBXFrameworksBuildPhase section */
		CB3D3CAE278ECBF10048FCD4 /* Frameworks */ = {
			isa = PBXFrameworksBuildPhase;
			buildActionMask = 2147483647;
			files = (
			);
			runOnlyForDeploymentPostprocessing = 0;
		};
		CB3D3CBE278ECBF30048FCD4 /* Frameworks */ = {
			isa = PBXFrameworksBuildPhase;
			buildActionMask = 2147483647;
			files = (
			);
			runOnlyForDeploymentPostprocessing = 0;
		};
		CB3D3CC8278ECBF30048FCD4 /* Frameworks */ = {
			isa = PBXFrameworksBuildPhase;
			buildActionMask = 2147483647;
			files = (
			);
			runOnlyForDeploymentPostprocessing = 0;
		};
/* End PBXFrameworksBuildPhase section */

/* Begin PBXGroup section */
		CB3D3CA8278ECBF10048FCD4 = {
			isa = PBXGroup;
			children = (
				CB3D3CB3278ECBF10048FCD4 /* Emojazi */,
				CB3D3CC4278ECBF30048FCD4 /* EmojaziTests */,
				CB3D3CCE278ECBF30048FCD4 /* EmojaziUITests */,
				CB3D3CB2278ECBF10048FCD4 /* Products */,
			);
			sourceTree = "<group>";
		};
		CB3D3CB2278ECBF10048FCD4 /* Products */ = {
			isa = PBXGroup;
			children = (
				CB3D3CB1278ECBF10048FCD4 /* Emojazi.app */,
				CB3D3CC1278ECBF30048FCD4 /* EmojaziTests.xctest */,
				CB3D3CCB278ECBF30048FCD4 /* EmojaziUITests.xctest */,
			);
			name = Products;
			sourceTree = "<group>";
		};
		CB3D3CB3278ECBF10048FCD4 /* Emojazi */ = {
			isa = PBXGroup;
			children = (
				CB56D1E8284BE4FC0023D76F /* Emojazi.entitlements */,
				CB3D3CB4278ECBF10048FCD4 /* EmojaziApp.swift */,
				CB56D1D0284BB01A0023D76F /* Views */,
				CB3D3CE5278EF2650048FCD4 /* Helpers */,
				CB3D3CE1278EEF960048FCD4 /* Models */,
				CB3D3CDE278EEF7D0048FCD4 /* Resources */,
				CB3D3CB8278ECBF30048FCD4 /* Assets.xcassets */,
				CB56D1D9284BB8BE0023D76F /* Utilities */,
				CB3D3CBA278ECBF30048FCD4 /* Preview Content */,
			);
			path = Emojazi;
			sourceTree = "<group>";
		};
		CB3D3CBA278ECBF30048FCD4 /* Preview Content */ = {
			isa = PBXGroup;
			children = (
				CB3D3CBB278ECBF30048FCD4 /* Preview Assets.xcassets */,
				CB56D1D5284BB0DA0023D76F /* EmojiPreview.swift */,
			);
			path = "Preview Content";
			sourceTree = "<group>";
		};
		CB3D3CC4278ECBF30048FCD4 /* EmojaziTests */ = {
			isa = PBXGroup;
			children = (
				CB3D3CC5278ECBF30048FCD4 /* EmojaziTests.swift */,
			);
			path = EmojaziTests;
			sourceTree = "<group>";
		};
		CB3D3CCE278ECBF30048FCD4 /* EmojaziUITests */ = {
			isa = PBXGroup;
			children = (
				CB3D3CCF278ECBF30048FCD4 /* EmojaziUITests.swift */,
				CB3D3CD1278ECBF30048FCD4 /* EmojaziUITestsLaunchTests.swift */,
			);
			path = EmojaziUITests;
			sourceTree = "<group>";
		};
		CB3D3CDE278EEF7D0048FCD4 /* Resources */ = {
			isa = PBXGroup;
			children = (
				CB3D3CDF278EEF900048FCD4 /* emoji.json */,
			);
			path = Resources;
			sourceTree = "<group>";
		};
		CB3D3CE1278EEF960048FCD4 /* Models */ = {
			isa = PBXGroup;
			children = (
				CB3D3CE3278EEFB00048FCD4 /* Emoji.swift */,
			);
			path = Models;
			sourceTree = "<group>";
		};
		CB3D3CE5278EF2650048FCD4 /* Helpers */ = {
			isa = PBXGroup;
			children = (
				CB3D3CE6278EF2710048FCD4 /* JSONDecoder.swift */,
			);
			path = Helpers;
			sourceTree = "<group>";
		};
		CB56D1D0284BB01A0023D76F /* Views */ = {
			isa = PBXGroup;
			children = (
				CB56D1DC284BD6960023D76F /* EmojisHomeView.swift */,
				CB56D1D1284BB0370023D76F /* EmojisListView.swift */,
				CB56D1E2284BDCE40023D76F /* EmojiGridSectionView.swift */,
				CB56D1E6284BDE0C0023D76F /* EmojisSectionHeader.swift */,
				CB56D1DE284BD7430023D76F /* EmojisGridView.swift */,
				CB56D1D3284BB03C0023D76F /* EmojiDetailView.swift */,
				CB56D1D7284BB87A0023D76F /* EmojaziWelcomeView.swift */,
			);
			path = Views;
			sourceTree = "<group>";
		};
		CB56D1D9284BB8BE0023D76F /* Utilities */ = {
			isa = PBXGroup;
			children = (
				CB56D1DA284BB8D30023D76F /* EmojaziLocalKeys.swift */,
			);
			path = Utilities;
			sourceTree = "<group>";
		};
/* End PBXGroup section */

/* Begin PBXNativeTarget section */
		CB3D3CB0278ECBF10048FCD4 /* Emojazi */ = {
			isa = PBXNativeTarget;
			buildConfigurationList = CB3D3CD5278ECBF30048FCD4 /* Build configuration list for PBXNativeTarget "Emojazi" */;
			buildPhases = (
				CB3D3CAD278ECBF10048FCD4 /* Sources */,
				CB3D3CAE278ECBF10048FCD4 /* Frameworks */,
				CB3D3CAF278ECBF10048FCD4 /* Resources */,
			);
			buildRules = (
			);
			dependencies = (
			);
			name = Emojazi;
			productName = Emojazi;
			productReference = CB3D3CB1278ECBF10048FCD4 /* Emojazi.app */;
			productType = "com.apple.product-type.application";
		};
		CB3D3CC0278ECBF30048FCD4 /* EmojaziTests */ = {
			isa = PBXNativeTarget;
			buildConfigurationList = CB3D3CD8278ECBF30048FCD4 /* Build configuration list for PBXNativeTarget "EmojaziTests" */;
			buildPhases = (
				CB3D3CBD278ECBF30048FCD4 /* Sources */,
				CB3D3CBE278ECBF30048FCD4 /* Frameworks */,
				CB3D3CBF278ECBF30048FCD4 /* Resources */,
			);
			buildRules = (
			);
			dependencies = (
				CB3D3CC3278ECBF30048FCD4 /* PBXTargetDependency */,
			);
			name = EmojaziTests;
			productName = EmojaziTests;
			productReference = CB3D3CC1278ECBF30048FCD4 /* EmojaziTests.xctest */;
			productType = "com.apple.product-type.bundle.unit-test";
		};
		CB3D3CCA278ECBF30048FCD4 /* EmojaziUITests */ = {
			isa = PBXNativeTarget;
			buildConfigurationList = CB3D3CDB278ECBF30048FCD4 /* Build configuration list for PBXNativeTarget "EmojaziUITests" */;
			buildPhases = (
				CB3D3CC7278ECBF30048FCD4 /* Sources */,
				CB3D3CC8278ECBF30048FCD4 /* Frameworks */,
				CB3D3CC9278ECBF30048FCD4 /* Resources */,
			);
			buildRules = (
			);
			dependencies = (
				CB3D3CCD278ECBF30048FCD4 /* PBXTargetDependency */,
			);
			name = EmojaziUITests;
			productName = EmojaziUITests;
			productReference = CB3D3CCB278ECBF30048FCD4 /* EmojaziUITests.xctest */;
			productType = "com.apple.product-type.bundle.ui-testing";
		};
/* End PBXNativeTarget section */

/* Begin PBXProject section */
		CB3D3CA9278ECBF10048FCD4 /* Project object */ = {
			isa = PBXProject;
			attributes = {
				BuildIndependentTargetsInParallel = 1;
				LastSwiftUpdateCheck = 1310;
				LastUpgradeCheck = 1310;
				TargetAttributes = {
					CB3D3CB0278ECBF10048FCD4 = {
						CreatedOnToolsVersion = 13.1;
					};
					CB3D3CC0278ECBF30048FCD4 = {
						CreatedOnToolsVersion = 13.1;
						TestTargetID = CB3D3CB0278ECBF10048FCD4;
					};
					CB3D3CCA278ECBF30048FCD4 = {
						CreatedOnToolsVersion = 13.1;
						TestTargetID = CB3D3CB0278ECBF10048FCD4;
					};
				};
			};
			buildConfigurationList = CB3D3CAC278ECBF10048FCD4 /* Build configuration list for PBXProject "Emojazi" */;
			compatibilityVersion = "Xcode 13.0";
			developmentRegion = en;
			hasScannedForEncodings = 0;
			knownRegions = (
				en,
				Base,
			);
			mainGroup = CB3D3CA8278ECBF10048FCD4;
			productRefGroup = CB3D3CB2278ECBF10048FCD4 /* Products */;
			projectDirPath = "";
			projectRoot = "";
			targets = (
				CB3D3CB0278ECBF10048FCD4 /* Emojazi */,
				CB3D3CC0278ECBF30048FCD4 /* EmojaziTests */,
				CB3D3CCA278ECBF30048FCD4 /* EmojaziUITests */,
			);
		};
/* End PBXProject section */

/* Begin PBXResourcesBuildPhase section */
		CB3D3CAF278ECBF10048FCD4 /* Resources */ = {
			isa = PBXResourcesBuildPhase;
			buildActionMask = 2147483647;
			files = (
				CB3D3CBC278ECBF30048FCD4 /* Preview Assets.xcassets in Resources */,
				CB3D3CE0278EEF900048FCD4 /* emoji.json in Resources */,
				CB3D3CB9278ECBF30048FCD4 /* Assets.xcassets in Resources */,
			);
			runOnlyForDeploymentPostprocessing = 0;
		};
		CB3D3CBF278ECBF30048FCD4 /* Resources */ = {
			isa = PBXResourcesBuildPhase;
			buildActionMask = 2147483647;
			files = (
			);
			runOnlyForDeploymentPostprocessing = 0;
		};
		CB3D3CC9278ECBF30048FCD4 /* Resources */ = {
			isa = PBXResourcesBuildPhase;
			buildActionMask = 2147483647;
			files = (
			);
			runOnlyForDeploymentPostprocessing = 0;
		};
/* End PBXResourcesBuildPhase section */

/* Begin PBXSourcesBuildPhase section */
		CB3D3CAD278ECBF10048FCD4 /* Sources */ = {
			isa = PBXSourcesBuildPhase;
			buildActionMask = 2147483647;
			files = (
				CB3D3CE7278EF2710048FCD4 /* JSONDecoder.swift in Sources */,
				CB56D1DF284BD7430023D76F /* EmojisGridView.swift in Sources */,
				CB56D1D8284BB87A0023D76F /* EmojaziWelcomeView.swift in Sources */,
				CB56D1D2284BB0370023D76F /* EmojisListView.swift in Sources */,
				CB3D3CE4278EEFB00048FCD4 /* Emoji.swift in Sources */,
				CB56D1E7284BDE0C0023D76F /* EmojisSectionHeader.swift in Sources */,
				CB56D1D4284BB03C0023D76F /* EmojiDetailView.swift in Sources */,
				CB56D1E3284BDCE40023D76F /* EmojiGridSectionView.swift in Sources */,
				CB3D3CB5278ECBF10048FCD4 /* EmojaziApp.swift in Sources */,
				CB56D1D6284BB0DA0023D76F /* EmojiPreview.swift in Sources */,
				CB56D1DD284BD6960023D76F /* EmojisHomeView.swift in Sources */,
				CB56D1DB284BB8D30023D76F /* EmojaziLocalKeys.swift in Sources */,
			);
			runOnlyForDeploymentPostprocessing = 0;
		};
		CB3D3CBD278ECBF30048FCD4 /* Sources */ = {
			isa = PBXSourcesBuildPhase;
			buildActionMask = 2147483647;
			files = (
				CB3D3CEA278F00670048FCD4 /* Emoji.swift in Sources */,
				CB3D3CE8278EFC020048FCD4 /* JSONDecoder.swift in Sources */,
				CB3D3CC6278ECBF30048FCD4 /* EmojaziTests.swift in Sources */,
			);
			runOnlyForDeploymentPostprocessing = 0;
		};
		CB3D3CC7278ECBF30048FCD4 /* Sources */ = {
			isa = PBXSourcesBuildPhase;
			buildActionMask = 2147483647;
			files = (
				CB3D3CD2278ECBF30048FCD4 /* EmojaziUITestsLaunchTests.swift in Sources */,
				CB3D3CD0278ECBF30048FCD4 /* EmojaziUITests.swift in Sources */,
			);
			runOnlyForDeploymentPostprocessing = 0;
		};
/* End PBXSourcesBuildPhase section */

/* Begin PBXTargetDependency section */
		CB3D3CC3278ECBF30048FCD4 /* PBXTargetDependency */ = {
			isa = PBXTargetDependency;
			target = CB3D3CB0278ECBF10048FCD4 /* Emojazi */;
			targetProxy = CB3D3CC2278ECBF30048FCD4 /* PBXContainerItemProxy */;
		};
		CB3D3CCD278ECBF30048FCD4 /* PBXTargetDependency */ = {
			isa = PBXTargetDependency;
			target = CB3D3CB0278ECBF10048FCD4 /* Emojazi */;
			targetProxy = CB3D3CCC278ECBF30048FCD4 /* PBXContainerItemProxy */;
		};
/* End PBXTargetDependency section */

/* Begin XCBuildConfiguration section */
		CB3D3CD3278ECBF30048FCD4 /* Debug */ = {
			isa = XCBuildConfiguration;
			buildSettings = {
				ALWAYS_SEARCH_USER_PATHS = NO;
				CLANG_ANALYZER_NONNULL = YES;
				CLANG_ANALYZER_NUMBER_OBJECT_CONVERSION = YES_AGGRESSIVE;
				CLANG_CXX_LANGUAGE_STANDARD = "gnu++17";
				CLANG_CXX_LIBRARY = "libc++";
				CLANG_ENABLE_MODULES = YES;
				CLANG_ENABLE_OBJC_ARC = YES;
				CLANG_ENABLE_OBJC_WEAK = YES;
				CLANG_WARN_BLOCK_CAPTURE_AUTORELEASING = YES;
				CLANG_WARN_BOOL_CONVERSION = YES;
				CLANG_WARN_COMMA = YES;
				CLANG_WARN_CONSTANT_CONVERSION = YES;
				CLANG_WARN_DEPRECATED_OBJC_IMPLEMENTATIONS = YES;
				CLANG_WARN_DIRECT_OBJC_ISA_USAGE = YES_ERROR;
				CLANG_WARN_DOCUMENTATION_COMMENTS = YES;
				CLANG_WARN_EMPTY_BODY = YES;
				CLANG_WARN_ENUM_CONVERSION = YES;
				CLANG_WARN_INFINITE_RECURSION = YES;
				CLANG_WARN_INT_CONVERSION = YES;
				CLANG_WARN_NON_LITERAL_NULL_CONVERSION = YES;
				CLANG_WARN_OBJC_IMPLICIT_RETAIN_SELF = YES;
				CLANG_WARN_OBJC_LITERAL_CONVERSION = YES;
				CLANG_WARN_OBJC_ROOT_CLASS = YES_ERROR;
				CLANG_WARN_QUOTED_INCLUDE_IN_FRAMEWORK_HEADER = YES;
				CLANG_WARN_RANGE_LOOP_ANALYSIS = YES;
				CLANG_WARN_STRICT_PROTOTYPES = YES;
				CLANG_WARN_SUSPICIOUS_MOVE = YES;
				CLANG_WARN_UNGUARDED_AVAILABILITY = YES_AGGRESSIVE;
				CLANG_WARN_UNREACHABLE_CODE = YES;
				CLANG_WARN__DUPLICATE_METHOD_MATCH = YES;
				COPY_PHASE_STRIP = NO;
				DEBUG_INFORMATION_FORMAT = dwarf;
				ENABLE_STRICT_OBJC_MSGSEND = YES;
				ENABLE_TESTABILITY = YES;
				GCC_C_LANGUAGE_STANDARD = gnu11;
				GCC_DYNAMIC_NO_PIC = NO;
				GCC_NO_COMMON_BLOCKS = YES;
				GCC_OPTIMIZATION_LEVEL = 0;
				GCC_PREPROCESSOR_DEFINITIONS = (
					"DEBUG=1",
					"$(inherited)",
				);
				GCC_WARN_64_TO_32_BIT_CONVERSION = YES;
				GCC_WARN_ABOUT_RETURN_TYPE = YES_ERROR;
				GCC_WARN_UNDECLARED_SELECTOR = YES;
				GCC_WARN_UNINITIALIZED_AUTOS = YES_AGGRESSIVE;
				GCC_WARN_UNUSED_FUNCTION = YES;
				GCC_WARN_UNUSED_VARIABLE = YES;
				IPHONEOS_DEPLOYMENT_TARGET = 15.0;
				MTL_ENABLE_DEBUG_INFO = INCLUDE_SOURCE;
				MTL_FAST_MATH = YES;
				ONLY_ACTIVE_ARCH = YES;
				SDKROOT = iphoneos;
				SWIFT_ACTIVE_COMPILATION_CONDITIONS = DEBUG;
				SWIFT_OPTIMIZATION_LEVEL = "-Onone";
			};
			name = Debug;
		};
		CB3D3CD4278ECBF30048FCD4 /* Release */ = {
			isa = XCBuildConfiguration;
			buildSettings = {
				ALWAYS_SEARCH_USER_PATHS = NO;
				CLANG_ANALYZER_NONNULL = YES;
				CLANG_ANALYZER_NUMBER_OBJECT_CONVERSION = YES_AGGRESSIVE;
				CLANG_CXX_LANGUAGE_STANDARD = "gnu++17";
				CLANG_CXX_LIBRARY = "libc++";
				CLANG_ENABLE_MODULES = YES;
				CLANG_ENABLE_OBJC_ARC = YES;
				CLANG_ENABLE_OBJC_WEAK = YES;
				CLANG_WARN_BLOCK_CAPTURE_AUTORELEASING = YES;
				CLANG_WARN_BOOL_CONVERSION = YES;
				CLANG_WARN_COMMA = YES;
				CLANG_WARN_CONSTANT_CONVERSION = YES;
				CLANG_WARN_DEPRECATED_OBJC_IMPLEMENTATIONS = YES;
				CLANG_WARN_DIRECT_OBJC_ISA_USAGE = YES_ERROR;
				CLANG_WARN_DOCUMENTATION_COMMENTS = YES;
				CLANG_WARN_EMPTY_BODY = YES;
				CLANG_WARN_ENUM_CONVERSION = YES;
				CLANG_WARN_INFINITE_RECURSION = YES;
				CLANG_WARN_INT_CONVERSION = YES;
				CLANG_WARN_NON_LITERAL_NULL_CONVERSION = YES;
				CLANG_WARN_OBJC_IMPLICIT_RETAIN_SELF = YES;
				CLANG_WARN_OBJC_LITERAL_CONVERSION = YES;
				CLANG_WARN_OBJC_ROOT_CLASS = YES_ERROR;
				CLANG_WARN_QUOTED_INCLUDE_IN_FRAMEWORK_HEADER = YES;
				CLANG_WARN_RANGE_LOOP_ANALYSIS = YES;
				CLANG_WARN_STRICT_PROTOTYPES = YES;
				CLANG_WARN_SUSPICIOUS_MOVE = YES;
				CLANG_WARN_UNGUARDED_AVAILABILITY = YES_AGGRESSIVE;
				CLANG_WARN_UNREACHABLE_CODE = YES;
				CLANG_WARN__DUPLICATE_METHOD_MATCH = YES;
				COPY_PHASE_STRIP = NO;
				DEBUG_INFORMATION_FORMAT = "dwarf-with-dsym";
				ENABLE_NS_ASSERTIONS = NO;
				ENABLE_STRICT_OBJC_MSGSEND = YES;
				GCC_C_LANGUAGE_STANDARD = gnu11;
				GCC_NO_COMMON_BLOCKS = YES;
				GCC_WARN_64_TO_32_BIT_CONVERSION = YES;
				GCC_WARN_ABOUT_RETURN_TYPE = YES_ERROR;
				GCC_WARN_UNDECLARED_SELECTOR = YES;
				GCC_WARN_UNINITIALIZED_AUTOS = YES_AGGRESSIVE;
				GCC_WARN_UNUSED_FUNCTION = YES;
				GCC_WARN_UNUSED_VARIABLE = YES;
				IPHONEOS_DEPLOYMENT_TARGET = 15.0;
				MTL_ENABLE_DEBUG_INFO = NO;
				MTL_FAST_MATH = YES;
				SDKROOT = iphoneos;
				SWIFT_COMPILATION_MODE = wholemodule;
				SWIFT_OPTIMIZATION_LEVEL = "-O";
				VALIDATE_PRODUCT = YES;
			};
			name = Release;
		};
		CB3D3CD6278ECBF30048FCD4 /* Debug */ = {
			isa = XCBuildConfiguration;
			buildSettings = {
				ASSETCATALOG_COMPILER_APPICON_NAME = AppIcon;
				ASSETCATALOG_COMPILER_GLOBAL_ACCENT_COLOR_NAME = AccentColor;
				CODE_SIGN_ENTITLEMENTS = Emojazi/Emojazi.entitlements;
				CODE_SIGN_STYLE = Automatic;
				CURRENT_PROJECT_VERSION = 1;
				DEVELOPMENT_ASSET_PATHS = "\"Emojazi/Preview Content\"";
				DEVELOPMENT_TEAM = 6V9B6LUW22;
				ENABLE_PREVIEWS = YES;
				GENERATE_INFOPLIST_FILE = YES;
				INFOPLIST_KEY_LSApplicationCategoryType = "public.app-category.utilities";
				INFOPLIST_KEY_UIApplicationSceneManifest_Generation = YES;
				INFOPLIST_KEY_UIApplicationSupportsIndirectInputEvents = YES;
				INFOPLIST_KEY_UILaunchScreen_Generation = YES;
				INFOPLIST_KEY_UISupportedInterfaceOrientations = "UIInterfaceOrientationLandscapeRight UIInterfaceOrientationLandscapeLeft UIInterfaceOrientationPortraitUpsideDown UIInterfaceOrientationPortrait";
				INFOPLIST_KEY_UISupportedInterfaceOrientations_iPad = "UIInterfaceOrientationPortrait UIInterfaceOrientationPortraitUpsideDown UIInterfaceOrientationLandscapeLeft UIInterfaceOrientationLandscapeRight";
				INFOPLIST_KEY_UISupportedInterfaceOrientations_iPhone = "UIInterfaceOrientationPortrait UIInterfaceOrientationLandscapeLeft UIInterfaceOrientationLandscapeRight";
				LD_RUNPATH_SEARCH_PATHS = (
					"$(inherited)",
					"@executable_path/Frameworks",
				);
				MARKETING_VERSION = 1.0;
				PRODUCT_BUNDLE_IDENTIFIER = com.cedricbahirwe.Emojazi;
				PRODUCT_NAME = "$(TARGET_NAME)";
				SUPPORTS_MACCATALYST = YES;
				SWIFT_EMIT_LOC_STRINGS = YES;
				SWIFT_VERSION = 5.0;
				TARGETED_DEVICE_FAMILY = "1,2";
			};
			name = Debug;
		};
		CB3D3CD7278ECBF30048FCD4 /* Release */ = {
			isa = XCBuildConfiguration;
			buildSettings = {
				ASSETCATALOG_COMPILER_APPICON_NAME = AppIcon;
				ASSETCATALOG_COMPILER_GLOBAL_ACCENT_COLOR_NAME = AccentColor;
				CODE_SIGN_ENTITLEMENTS = Emojazi/Emojazi.entitlements;
				CODE_SIGN_STYLE = Automatic;
				CURRENT_PROJECT_VERSION = 1;
				DEVELOPMENT_ASSET_PATHS = "\"Emojazi/Preview Content\"";
				DEVELOPMENT_TEAM = 6V9B6LUW22;
				ENABLE_PREVIEWS = YES;
				GENERATE_INFOPLIST_FILE = YES;
				INFOPLIST_KEY_LSApplicationCategoryType = "public.app-category.utilities";
				INFOPLIST_KEY_UIApplicationSceneManifest_Generation = YES;
				INFOPLIST_KEY_UIApplicationSupportsIndirectInputEvents = YES;
				INFOPLIST_KEY_UILaunchScreen_Generation = YES;
				INFOPLIST_KEY_UISupportedInterfaceOrientations = "UIInterfaceOrientationLandscapeRight UIInterfaceOrientationLandscapeLeft UIInterfaceOrientationPortraitUpsideDown UIInterfaceOrientationPortrait";
				INFOPLIST_KEY_UISupportedInterfaceOrientations_iPad = "UIInterfaceOrientationPortrait UIInterfaceOrientationPortraitUpsideDown UIInterfaceOrientationLandscapeLeft UIInterfaceOrientationLandscapeRight";
				INFOPLIST_KEY_UISupportedInterfaceOrientations_iPhone = "UIInterfaceOrientationPortrait UIInterfaceOrientationLandscapeLeft UIInterfaceOrientationLandscapeRight";
				LD_RUNPATH_SEARCH_PATHS = (
					"$(inherited)",
					"@executable_path/Frameworks",
				);
				MARKETING_VERSION = 1.0;
				PRODUCT_BUNDLE_IDENTIFIER = com.cedricbahirwe.Emojazi;
				PRODUCT_NAME = "$(TARGET_NAME)";
				SUPPORTS_MACCATALYST = YES;
				SWIFT_EMIT_LOC_STRINGS = YES;
				SWIFT_VERSION = 5.0;
				TARGETED_DEVICE_FAMILY = "1,2";
			};
			name = Release;
		};
		CB3D3CD9278ECBF30048FCD4 /* Debug */ = {
			isa = XCBuildConfiguration;
			buildSettings = {
				ALWAYS_EMBED_SWIFT_STANDARD_LIBRARIES = YES;
				BUNDLE_LOADER = "$(TEST_HOST)";
				CODE_SIGN_STYLE = Automatic;
				CURRENT_PROJECT_VERSION = 1;
				DEVELOPMENT_TEAM = 6V9B6LUW22;
				GENERATE_INFOPLIST_FILE = YES;
				IPHONEOS_DEPLOYMENT_TARGET = 15.0;
				LD_RUNPATH_SEARCH_PATHS = (
					"$(inherited)",
					"@executable_path/Frameworks",
					"@loader_path/Frameworks",
				);
				MARKETING_VERSION = 1.0;
				PRODUCT_BUNDLE_IDENTIFIER = com.cedricbahirwe.EmojaziTests;
				PRODUCT_NAME = "$(TARGET_NAME)";
				SWIFT_EMIT_LOC_STRINGS = NO;
				SWIFT_VERSION = 5.0;
				TARGETED_DEVICE_FAMILY = "1,2";
				TEST_HOST = "$(BUILT_PRODUCTS_DIR)/Emojazi.app/Emojazi";
			};
			name = Debug;
		};
		CB3D3CDA278ECBF30048FCD4 /* Release */ = {
			isa = XCBuildConfiguration;
			buildSettings = {
				ALWAYS_EMBED_SWIFT_STANDARD_LIBRARIES = YES;
				BUNDLE_LOADER = "$(TEST_HOST)";
				CODE_SIGN_STYLE = Automatic;
				CURRENT_PROJECT_VERSION = 1;
				DEVELOPMENT_TEAM = 6V9B6LUW22;
				GENERATE_INFOPLIST_FILE = YES;
				IPHONEOS_DEPLOYMENT_TARGET = 15.0;
				LD_RUNPATH_SEARCH_PATHS = (
					"$(inherited)",
					"@executable_path/Frameworks",
					"@loader_path/Frameworks",
				);
				MARKETING_VERSION = 1.0;
				PRODUCT_BUNDLE_IDENTIFIER = com.cedricbahirwe.EmojaziTests;
				PRODUCT_NAME = "$(TARGET_NAME)";
				SWIFT_EMIT_LOC_STRINGS = NO;
				SWIFT_VERSION = 5.0;
				TARGETED_DEVICE_FAMILY = "1,2";
				TEST_HOST = "$(BUILT_PRODUCTS_DIR)/Emojazi.app/Emojazi";
			};
			name = Release;
		};
		CB3D3CDC278ECBF30048FCD4 /* Debug */ = {
			isa = XCBuildConfiguration;
			buildSettings = {
				ALWAYS_EMBED_SWIFT_STANDARD_LIBRARIES = YES;
				CODE_SIGN_STYLE = Automatic;
				CURRENT_PROJECT_VERSION = 1;
				DEVELOPMENT_TEAM = 6V9B6LUW22;
				GENERATE_INFOPLIST_FILE = YES;
				LD_RUNPATH_SEARCH_PATHS = (
					"$(inherited)",
					"@executable_path/Frameworks",
					"@loader_path/Frameworks",
				);
				MARKETING_VERSION = 1.0;
				PRODUCT_BUNDLE_IDENTIFIER = com.cedricbahirwe.EmojaziUITests;
				PRODUCT_NAME = "$(TARGET_NAME)";
				SWIFT_EMIT_LOC_STRINGS = NO;
				SWIFT_VERSION = 5.0;
				TARGETED_DEVICE_FAMILY = "1,2";
				TEST_TARGET_NAME = Emojazi;
			};
			name = Debug;
		};
		CB3D3CDD278ECBF30048FCD4 /* Release */ = {
			isa = XCBuildConfiguration;
			buildSettings = {
				ALWAYS_EMBED_SWIFT_STANDARD_LIBRARIES = YES;
				CODE_SIGN_STYLE = Automatic;
				CURRENT_PROJECT_VERSION = 1;
				DEVELOPMENT_TEAM = 6V9B6LUW22;
				GENERATE_INFOPLIST_FILE = YES;
				LD_RUNPATH_SEARCH_PATHS = (
					"$(inherited)",
					"@executable_path/Frameworks",
					"@loader_path/Frameworks",
				);
				MARKETING_VERSION = 1.0;
				PRODUCT_BUNDLE_IDENTIFIER = com.cedricbahirwe.EmojaziUITests;
				PRODUCT_NAME = "$(TARGET_NAME)";
				SWIFT_EMIT_LOC_STRINGS = NO;
				SWIFT_VERSION = 5.0;
				TARGETED_DEVICE_FAMILY = "1,2";
				TEST_TARGET_NAME = Emojazi;
			};
			name = Release;
		};
/* End XCBuildConfiguration section */

/* Begin XCConfigurationList section */
		CB3D3CAC278ECBF10048FCD4 /* Build configuration list for PBXProject "Emojazi" */ = {
			isa = XCConfigurationList;
			buildConfigurations = (
				CB3D3CD3278ECBF30048FCD4 /* Debug */,
				CB3D3CD4278ECBF30048FCD4 /* Release */,
			);
			defaultConfigurationIsVisible = 0;
			defaultConfigurationName = Release;
		};
		CB3D3CD5278ECBF30048FCD4 /* Build configuration list for PBXNativeTarget "Emojazi" */ = {
			isa = XCConfigurationList;
			buildConfigurations = (
				CB3D3CD6278ECBF30048FCD4 /* Debug */,
				CB3D3CD7278ECBF30048FCD4 /* Release */,
			);
			defaultConfigurationIsVisible = 0;
			defaultConfigurationName = Release;
		};
		CB3D3CD8278ECBF30048FCD4 /* Build configuration list for PBXNativeTarget "EmojaziTests" */ = {
			isa = XCConfigurationList;
			buildConfigurations = (
				CB3D3CD9278ECBF30048FCD4 /* Debug */,
				CB3D3CDA278ECBF30048FCD4 /* Release */,
			);
			defaultConfigurationIsVisible = 0;
			defaultConfigurationName = Release;
		};
		CB3D3CDB278ECBF30048FCD4 /* Build configuration list for PBXNativeTarget "EmojaziUITests" */ = {
			isa = XCConfigurationList;
			buildConfigurations = (
				CB3D3CDC278ECBF30048FCD4 /* Debug */,
				CB3D3CDD278ECBF30048FCD4 /* Release */,
			);
			defaultConfigurationIsVisible = 0;
			defaultConfigurationName = Release;
		};
/* End XCConfigurationList section */
	};
	rootObject = CB3D3CA9278ECBF10048FCD4 /* Project object */;
}
